<?xml version="1.0" encoding="utf-8"?>
<Project ToolsVersion="4.0" xmlns="http://schemas.microsoft.com/developer/msbuild/2003">
  <ItemGroup>
    <Filter Include="Source Files">
      <UniqueIdentifier>{4FC737F1-C7A5-4376-A066-2A32D752A2FF}</UniqueIdentifier>
      <Extensions>cpp;c;cc;cxx;c++;cppm;ixx;def;odl;idl;hpj;bat;asm;asmx</Extensions>
    </Filter>
    <Filter Include="Header Files">
      <UniqueIdentifier>{93995380-89BD-4b04-88EB-625FBE52EBFB}</UniqueIdentifier>
      <Extensions>h;hh;hpp;hxx;h++;hm;inl;inc;ipp;xsd</Extensions>
    </Filter>
    <Filter Include="Resource Files">
      <UniqueIdentifier>{67DA6AB6-F800-4c08-8B7A-83BB121AAD01}</UniqueIdentifier>
      <Extensions>rc;ico;cur;bmp;dlg;rc2;rct;bin;rgs;gif;jpg;jpeg;jpe;resx;tiff;tif;png;wav;mfcribbon-ms</Extensions>
    </Filter>
    <Filter Include="EXTERNAL">
      <UniqueIdentifier>{0560d06e-1341-4e11-a94c-c427029f7e46}</UniqueIdentifier>
    </Filter>
    <Filter Include="EXTERNAL\imgui">
      <UniqueIdentifier>{9182ae6d-d1c6-4c6d-837f-8eb7e4f56407}</UniqueIdentifier>
    </Filter>
    <Filter Include="Core">
      <UniqueIdentifier>{23cdb4d1-a77d-4f9e-b891-f2dd3bc0e130}</UniqueIdentifier>
    </Filter>
    <Filter Include="SquadMgr">
      <UniqueIdentifier>{21dcb96f-f767-460c-a480-0bbb9cbfe433}</UniqueIdentifier>
    </Filter>
    <Filter Include="Util">
      <UniqueIdentifier>{caa44a8b-bba3-44c7-b0d5-0048235a3389}</UniqueIdentifier>
    </Filter>
  </ItemGroup>
  <ItemGroup>
    <ClCompile Include="src\imgui\imgui.cpp">
      <Filter>EXTERNAL\imgui</Filter>
    </ClCompile>
    <ClCompile Include="src\imgui\imgui_demo.cpp">
      <Filter>EXTERNAL\imgui</Filter>
    </ClCompile>
    <ClCompile Include="src\imgui\imgui_draw.cpp">
      <Filter>EXTERNAL\imgui</Filter>
    </ClCompile>
    <ClCompile Include="src\imgui\imgui_tables.cpp">
      <Filter>EXTERNAL\imgui</Filter>
    </ClCompile>
    <ClCompile Include="src\imgui\imgui_widgets.cpp">
      <Filter>EXTERNAL\imgui</Filter>
    </ClCompile>
    <ClCompile Include="src\Addon.cpp">
      <Filter>Core</Filter>
    </ClCompile>
    <ClCompile Include="src\UI.cpp">
      <Filter>Core</Filter>
    </ClCompile>
    <ClCompile Include="src\SquadMgr\SquadMgr.cpp">
      <Filter>SquadMgr</Filter>
    </ClCompile>
    <ClCompile Include="src\Util\src\Memory.cpp">
      <Filter>Util</Filter>
    </ClCompile>
    <ClCompile Include="src\Util\src\Paths.cpp">
      <Filter>Util</Filter>
    </ClCompile>
    <ClCompile Include="src\Util\src\Resources.cpp">
      <Filter>Util</Filter>
    </ClCompile>
    <ClCompile Include="src\Util\src\Strings.cpp">
      <Filter>Util</Filter>
    </ClCompile>
    <ClCompile Include="src\Util\src\Time.cpp">
      <Filter>Util</Filter>
    </ClCompile>
    <ClCompile Include="src\Util\src\Url.cpp">
      <Filter>Util</Filter>
    </ClCompile>
    <ClCompile Include="src\Util\src\Base64.cpp">
      <Filter>Util</Filter>
    </ClCompile>
    <ClCompile Include="src\Util\src\CmdLine.cpp">
      <Filter>Util</Filter>
    </ClCompile>
    <ClCompile Include="src\Util\src\DLL.cpp">
      <Filter>Util</Filter>
    </ClCompile>
    <ClCompile Include="src\Util\src\Inputs.cpp">
      <Filter>Util</Filter>
    </ClCompile>
  </ItemGroup>
  <ItemGroup>
    <ClInclude Include="src/resource.h">
      <Filter>Header Files</Filter>
    </ClInclude>
    <ClInclude Include="src\imgui\imconfig.h">
      <Filter>EXTERNAL\imgui</Filter>
    </ClInclude>
    <ClInclude Include="src\imgui\imgui.h">
      <Filter>EXTERNAL\imgui</Filter>
    </ClInclude>
    <ClInclude Include="src\imgui\imgui_internal.h">
      <Filter>EXTERNAL\imgui</Filter>
    </ClInclude>
    <ClInclude Include="src\imgui\imstb_rectpack.h">
      <Filter>EXTERNAL\imgui</Filter>
    </ClInclude>
    <ClInclude Include="src\imgui\imstb_textedit.h">
      <Filter>EXTERNAL\imgui</Filter>
    </ClInclude>
    <ClInclude Include="src\imgui\imstb_truetype.h">
      <Filter>EXTERNAL\imgui</Filter>
    </ClInclude>
    <ClInclude Include="src/mumble\Mumble.h">
      <Filter>EXTERNAL</Filter>
    </ClInclude>
    <ClInclude Include="src/nexus\Nexus.h">
      <Filter>EXTERNAL</Filter>
    </ClInclude>
    <ClInclude Include="src/nlohmann\json.hpp">
      <Filter>EXTERNAL</Filter>
    </ClInclude>
    <ClInclude Include="src\arcdps\ArcDPS.h">
      <Filter>EXTERNAL</Filter>
    </ClInclude>
    <ClInclude Include="src\RTAPI\RTAPI.h">
      <Filter>EXTERNAL</Filter>
    </ClInclude>
    <ClInclude Include="src\Version.h">
      <Filter>Header Files</Filter>
    </ClInclude>
    <ClInclude Include="src\Remote.h">
      <Filter>Header Files</Filter>
    </ClInclude>
    <ClInclude Include="src\Addon.h">
      <Filter>Core</Filter>
    </ClInclude>
    <ClInclude Include="src\Globals.h">
      <Filter>Core</Filter>
    </ClInclude>
    <ClInclude Include="src\UI.h">
      <Filter>Core</Filter>
    </ClInclude>
    <ClInclude Include="src\SquadMgr\SquadMgr.h">
      <Filter>SquadMgr</Filter>
    </ClInclude>
    <ClInclude Include="src\SquadMgr\PlayerInfo.h">
      <Filter>SquadMgr</Filter>
    </ClInclude>
    <ClInclude Include="src\SquadMgr\UtilityInfo.h">
      <Filter>SquadMgr</Filter>
    </ClInclude>
    <ClInclude Include="src\Util\src\Memory.h">
      <Filter>Util</Filter>
    </ClInclude>
    <ClInclude Include="src\Util\src\Paths.h">
      <Filter>Util</Filter>
    </ClInclude>
    <ClInclude Include="src\Util\src\Resources.h">
      <Filter>Util</Filter>
    </ClInclude>
    <ClInclude Include="src\Util\src\Strings.h">
      <Filter>Util</Filter>
    </ClInclude>
    <ClInclude Include="src\Util\src\Time.h">
      <Filter>Util</Filter>
    </ClInclude>
    <ClInclude Include="src\Util\src\Url.h">
      <Filter>Util</Filter>
    </ClInclude>
    <ClInclude Include="src\Util\src\Base64.h">
      <Filter>Util</Filter>
    </ClInclude>
    <ClInclude Include="src\Util\src\CmdLine.h">
      <Filter>Util</Filter>
    </ClInclude>
    <ClInclude Include="src\Util\src\DLL.h">
      <Filter>Util</Filter>
    </ClInclude>
    <ClInclude Include="src\Util\src\Enums.h">
      <Filter>Util</Filter>
    </ClInclude>
    <ClInclude Include="src\Util\src\Inputs.h">
      <Filter>Util</Filter>
    </ClInclude>
  </ItemGroup>
  <ItemGroup>
    <ResourceCompile Include="src/GW2-CommandersToolkit.rc">
      <Filter>Resource Files</Filter>
    </ResourceCompile>
  </ItemGroup>
  <ItemGroup>
    <Image Include="src/Resources\Alacrity.png">
      <Filter>Resource Files</Filter>
    </Image>
    <Image Include="src/Resources\commander_toolkit.png">
      <Filter>Resource Files</Filter>
    </Image>
    <Image Include="src/Resources\commander_toolkit_hover.png">
      <Filter>Resource Files</Filter>
    </Image>
    <Image Include="src/Resources\Fury.png">
      <Filter>Resource Files</Filter>
    </Image>
    <Image Include="src/Resources\Heal.png">
      <Filter>Resource Files</Filter>
    </Image>
    <Image Include="src/Resources\Might.png">
      <Filter>Resource Files</Filter>
    </Image>
    <Image Include="src/Resources\Quickness.png">
      <Filter>Resource Files</Filter>
    </Image>
    <Image Include="src/Resources\Vulnerability.png">
      <Filter>Resource Files</Filter>
    </Image>
    <Image Include="src\Resources\Tag_Commander.png">
      <Filter>Resource Files</Filter>
    </Image>
    <Image Include="src\Resources\Tag_Lieutenant.png">
      <Filter>Resource Files</Filter>
    </Image>
  </ItemGroup>
</Project>